
Microsoft Visual Studio Solution File, Format Version 12.00
# Visual Studio 15
VisualStudioVersion = 15.0.28010.2048
MinimumVisualStudioVersion = 10.0.40219.1
Project("{8BC9CEB8-8B4A-11D0-8D11-00A0C91BC942}") = "demo019", "demo019\demo019.vcxproj", "{53AC2D12-49BB-4240-AE8B-D5836F4B750C}"
EndProject
Global
	GlobalSection(SolutionConfigurationPlatforms) = preSolution
		Debug|x64 = Debug|x64
		Debug|x86 = Debug|x86
		Release|x64 = Release|x64
		Release|x86 = Release|x86
	EndGlobalSection
	GlobalSection(ProjectConfigurationPlatforms) = postSolution
		{53AC2D12-49BB-4240-AE8B-D5836F4B750C}.Debug|x64.ActiveCfg = Debug|x64
		{53AC2D12-49BB-4240-AE8B-D5836F4B750C}.Debug|x64.Build.0 = Debug|x64
		{53AC2D12-49BB-4240-AE8B-D5836F4B750C}.Debug|x86.ActiveCfg = Debug|Win32
		{53AC2D12-49BB-4240-AE8B-D5836F4B750C}.Debug|x86.Build.0 = Debug|Win32
		{53AC2D12-49BB-4240-AE8B-D5836F4B750C}.Release|x64.ActiveCfg = Release|x64
		{53AC2D12-49BB-4240-AE8B-D5836F4B750C}.Release|x64.Build.0 = Release|x64
		{53AC2D12-49BB-4240-AE8B-D5836F4B750C}.Release|x86.ActiveCfg = Release|Win32
		{53AC2D12-49BB-4240-AE8B-D5836F4B750C}.Release|x86.Build.0 = Release|Win32
	EndGlobalSection
	GlobalSection(SolutionProperties) = preSolution
		HideSolutionNode = FALSE
	EndGlobalSection
	GlobalSection(ExtensibilityGlobals) = postSolution
		SolutionGuid = {BA09259B-3C8D-46F5-8680-4EA0FBF07C08}
	EndGlobalSection
EndGlobal
