
Microsoft Visual Studio Solution File, Format Version 12.00
# Visual Studio 15
VisualStudioVersion = 15.0.28010.2048
MinimumVisualStudioVersion = 10.0.40219.1
Project("{8BC9CEB8-8B4A-11D0-8D11-00A0C91BC942}") = "demo027", "demo027\demo027.vcxproj", "{4798D9FB-462D-4361-87F6-B305F96CAEBD}"
EndProject
Global
	GlobalSection(SolutionConfigurationPlatforms) = preSolution
		Debug|x64 = Debug|x64
		Debug|x86 = Debug|x86
		Release|x64 = Release|x64
		Release|x86 = Release|x86
	EndGlobalSection
	GlobalSection(ProjectConfigurationPlatforms) = postSolution
		{4798D9FB-462D-4361-87F6-B305F96CAEBD}.Debug|x64.ActiveCfg = Debug|x64
		{4798D9FB-462D-4361-87F6-B305F96CAEBD}.Debug|x64.Build.0 = Debug|x64
		{4798D9FB-462D-4361-87F6-B305F96CAEBD}.Debug|x86.ActiveCfg = Debug|Win32
		{4798D9FB-462D-4361-87F6-B305F96CAEBD}.Debug|x86.Build.0 = Debug|Win32
		{4798D9FB-462D-4361-87F6-B305F96CAEBD}.Release|x64.ActiveCfg = Release|x64
		{4798D9FB-462D-4361-87F6-B305F96CAEBD}.Release|x64.Build.0 = Release|x64
		{4798D9FB-462D-4361-87F6-B305F96CAEBD}.Release|x86.ActiveCfg = Release|Win32
		{4798D9FB-462D-4361-87F6-B305F96CAEBD}.Release|x86.Build.0 = Release|Win32
	EndGlobalSection
	GlobalSection(SolutionProperties) = preSolution
		HideSolutionNode = FALSE
	EndGlobalSection
	GlobalSection(ExtensibilityGlobals) = postSolution
		SolutionGuid = {85C8E7A9-9C1A-4703-9BCC-910D089A23FE}
	EndGlobalSection
EndGlobal
